// !$*UTF8*$!
{
	archiveVersion = 1;
	classes = {
	};
	objectVersion = 45;
	objects = {

/* Begin PBXBuildFile section */
		1D3623260D0F684500981E51 /* ZombieGameAppDelegate.m in Sources */ = {isa = PBXBuildFile; fileRef = 1D3623250D0F684500981E51 /* ZombieGameAppDelegate.m */; };
		1D60589B0D05DD56006BFB54 /* main.m in Sources */ = {isa = PBXBuildFile; fileRef = 29B97316FDCFA39411CA2CEA /* main.m */; };
		1D60589F0D05DD5A006BFB54 /* Foundation.framework in Frameworks */ = {isa = PBXBuildFile; fileRef = 1D30AB110D05D00D00671497 /* Foundation.framework */; };
		1DF5F4E00D08C38300B7A737 /* UIKit.framework in Frameworks */ = {isa = PBXBuildFile; fileRef = 1DF5F4DF0D08C38300B7A737 /* UIKit.framework */; };
		2741D1661186723D001BD582 /* GameLogic.m in Sources */ = {isa = PBXBuildFile; fileRef = 2741D1651186723D001BD582 /* GameLogic.m */; };
		276069F6118921C2008E1327 /* SetPiece.m in Sources */ = {isa = PBXBuildFile; fileRef = 276069F5118921C2008E1327 /* SetPiece.m */; };
		27606A83118BC498008E1327 /* SetLogic.m in Sources */ = {isa = PBXBuildFile; fileRef = 27606A82118BC498008E1327 /* SetLogic.m */; };
		27768C1C119E2F830027AE23 /* ZombieAudio.m in Sources */ = {isa = PBXBuildFile; fileRef = 27768C1B119E2F830027AE23 /* ZombieAudio.m */; };
		27768D09119E5E980027AE23 /* 15.wav in Resources */ = {isa = PBXBuildFile; fileRef = 27768CF7119E5E980027AE23 /* 15.wav */; };
		27768D0A119E5E980027AE23 /* 14.wav in Resources */ = {isa = PBXBuildFile; fileRef = 27768CF8119E5E980027AE23 /* 14.wav */; };
		27768D0B119E5E980027AE23 /* 13.wav in Resources */ = {isa = PBXBuildFile; fileRef = 27768CF9119E5E980027AE23 /* 13.wav */; };
		27768D0C119E5E980027AE23 /* 12.wav in Resources */ = {isa = PBXBuildFile; fileRef = 27768CFA119E5E980027AE23 /* 12.wav */; };
		27768D0D119E5E980027AE23 /* 11.wav in Resources */ = {isa = PBXBuildFile; fileRef = 27768CFB119E5E980027AE23 /* 11.wav */; };
		27768D0E119E5E980027AE23 /* 16.wav in Resources */ = {isa = PBXBuildFile; fileRef = 27768CFC119E5E980027AE23 /* 16.wav */; };
		27768D0F119E5E980027AE23 /* 24.wav in Resources */ = {isa = PBXBuildFile; fileRef = 27768CFD119E5E980027AE23 /* 24.wav */; };
		27768D10119E5E980027AE23 /* 25.wav in Resources */ = {isa = PBXBuildFile; fileRef = 27768CFE119E5E980027AE23 /* 25.wav */; };
		27768D11119E5E980027AE23 /* 26.wav in Resources */ = {isa = PBXBuildFile; fileRef = 27768CFF119E5E980027AE23 /* 26.wav */; };
		27768D12119E5E980027AE23 /* 23.wav in Resources */ = {isa = PBXBuildFile; fileRef = 27768D00119E5E980027AE23 /* 23.wav */; };
		27768D13119E5E980027AE23 /* 22.wav in Resources */ = {isa = PBXBuildFile; fileRef = 27768D01119E5E980027AE23 /* 22.wav */; };
		27768D14119E5E980027AE23 /* 21.wav in Resources */ = {isa = PBXBuildFile; fileRef = 27768D02119E5E980027AE23 /* 21.wav */; };
		27768D15119E5E980027AE23 /* 35.wav in Resources */ = {isa = PBXBuildFile; fileRef = 27768D03119E5E980027AE23 /* 35.wav */; };
		27768D16119E5E980027AE23 /* 34.wav in Resources */ = {isa = PBXBuildFile; fileRef = 27768D04119E5E980027AE23 /* 34.wav */; };
		27768D17119E5E980027AE23 /* 33.wav in Resources */ = {isa = PBXBuildFile; fileRef = 27768D05119E5E980027AE23 /* 33.wav */; };
		27768D18119E5E980027AE23 /* 32.wav in Resources */ = {isa = PBXBuildFile; fileRef = 27768D06119E5E980027AE23 /* 32.wav */; };
		27768D19119E5E980027AE23 /* 36.wav in Resources */ = {isa = PBXBuildFile; fileRef = 27768D07119E5E980027AE23 /* 36.wav */; };
		27768D1A119E5E980027AE23 /* 31.wav in Resources */ = {isa = PBXBuildFile; fileRef = 27768D08119E5E980027AE23 /* 31.wav */; };
		27768FBE11A0CE480027AE23 /* b_Classic_off.png in Resources */ = {isa = PBXBuildFile; fileRef = 27768FAF11A0CE480027AE23 /* b_Classic_off.png */; };
		27768FBF11A0CE480027AE23 /* b_HowTo_on.png in Resources */ = {isa = PBXBuildFile; fileRef = 27768FB011A0CE480027AE23 /* b_HowTo_on.png */; };
		27768FC011A0CE480027AE23 /* b_HowTo_off.png in Resources */ = {isa = PBXBuildFile; fileRef = 27768FB111A0CE480027AE23 /* b_HowTo_off.png */; };
		27768FC111A0CE480027AE23 /* b_Back_on.png in Resources */ = {isa = PBXBuildFile; fileRef = 27768FB211A0CE480027AE23 /* b_Back_on.png */; };
		27768FC211A0CE480027AE23 /* b_Back_off.png in Resources */ = {isa = PBXBuildFile; fileRef = 27768FB311A0CE480027AE23 /* b_Back_off.png */; };
		27768FC311A0CE480027AE23 /* b_Berzerk_on.png in Resources */ = {isa = PBXBuildFile; fileRef = 27768FB411A0CE480027AE23 /* b_Berzerk_on.png */; };
		27768FC411A0CE480027AE23 /* b_Berzerk_off.png in Resources */ = {isa = PBXBuildFile; fileRef = 27768FB511A0CE480027AE23 /* b_Berzerk_off.png */; };
		27768FC511A0CE480027AE23 /* b_Classic_on.png in Resources */ = {isa = PBXBuildFile; fileRef = 27768FB611A0CE480027AE23 /* b_Classic_on.png */; };
		27768FC611A0CE480027AE23 /* bg_GameMode.jpg in Resources */ = {isa = PBXBuildFile; fileRef = 27768FB711A0CE480027AE23 /* bg_GameMode.jpg */; };
		27768FC711A0CE480027AE23 /* b_Options_on.png in Resources */ = {isa = PBXBuildFile; fileRef = 27768FB811A0CE480027AE23 /* b_Options_on.png */; };
		27768FC811A0CE480027AE23 /* b_Options_off.png in Resources */ = {isa = PBXBuildFile; fileRef = 27768FB911A0CE480027AE23 /* b_Options_off.png */; };
		27768FC911A0CE480027AE23 /* b_HighScores_on.png in Resources */ = {isa = PBXBuildFile; fileRef = 27768FBA11A0CE480027AE23 /* b_HighScores_on.png */; };
		27768FCA11A0CE480027AE23 /* b_HighScores_off.png in Resources */ = {isa = PBXBuildFile; fileRef = 27768FBB11A0CE480027AE23 /* b_HighScores_off.png */; };
		27768FCB11A0CE480027AE23 /* b_Play_on.png in Resources */ = {isa = PBXBuildFile; fileRef = 27768FBC11A0CE480027AE23 /* b_Play_on.png */; };
		27768FCC11A0CE480027AE23 /* b_Play_off.png in Resources */ = {isa = PBXBuildFile; fileRef = 27768FBD11A0CE480027AE23 /* b_Play_off.png */; };
		27768FDF11A0D71D0027AE23 /* bg_Splash.jpg in Resources */ = {isa = PBXBuildFile; fileRef = 27768FDE11A0D71D0027AE23 /* bg_Splash.jpg */; };
		27768FFB11A0DC640027AE23 /* OptionsViewController.m in Sources */ = {isa = PBXBuildFile; fileRef = 27768FF911A0DC640027AE23 /* OptionsViewController.m */; };
		27768FFC11A0DC640027AE23 /* OptionsViewController.xib in Resources */ = {isa = PBXBuildFile; fileRef = 27768FFA11A0DC640027AE23 /* OptionsViewController.xib */; };
		2776907511A0FCDA0027AE23 /* bg_GamePlay.jpg in Resources */ = {isa = PBXBuildFile; fileRef = 2776907411A0FCDA0027AE23 /* bg_GamePlay.jpg */; };
		2776913111A2211A0027AE23 /* b_PlayAgain_on.png in Resources */ = {isa = PBXBuildFile; fileRef = 2776912C11A2211A0027AE23 /* b_PlayAgain_on.png */; };
		2776913211A2211A0027AE23 /* b_PlayAgain_off.png in Resources */ = {isa = PBXBuildFile; fileRef = 2776912D11A2211A0027AE23 /* b_PlayAgain_off.png */; };
		2776913311A2211A0027AE23 /* b_MainMenu_on.png in Resources */ = {isa = PBXBuildFile; fileRef = 2776912E11A2211A0027AE23 /* b_MainMenu_on.png */; };
		2776913411A2211A0027AE23 /* b_MainMenu_off.png in Resources */ = {isa = PBXBuildFile; fileRef = 2776912F11A2211A0027AE23 /* b_MainMenu_off.png */; };
		2776913511A2211A0027AE23 /* bg_HighScores.jpg in Resources */ = {isa = PBXBuildFile; fileRef = 2776913011A2211A0027AE23 /* bg_HighScores.jpg */; };
		277691E511A230F10027AE23 /* brain_2.png in Resources */ = {isa = PBXBuildFile; fileRef = 277691E311A230F10027AE23 /* brain_2.png */; };
		277691E611A230F10027AE23 /* brain_1.png in Resources */ = {isa = PBXBuildFile; fileRef = 277691E411A230F10027AE23 /* brain_1.png */; };
		2776922E11A2420D0027AE23 /* HowToPlayViewController.m in Sources */ = {isa = PBXBuildFile; fileRef = 2776922C11A2420D0027AE23 /* HowToPlayViewController.m */; };
		2776922F11A2420D0027AE23 /* HowToPlayViewController.xib in Resources */ = {isa = PBXBuildFile; fileRef = 2776922D11A2420D0027AE23 /* HowToPlayViewController.xib */; };
		277692BB11A25F150027AE23 /* brainPump.wav in Resources */ = {isa = PBXBuildFile; fileRef = 277692BA11A25F150027AE23 /* brainPump.wav */; };
		277B57BA119BA440006137F5 /* bg_gameplay01.jpg in Resources */ = {isa = PBXBuildFile; fileRef = 277B57B9119BA440006137F5 /* bg_gameplay01.jpg */; };
		277B57C3119BA633006137F5 /* MenuImage.png in Resources */ = {isa = PBXBuildFile; fileRef = 277B57C2119BA633006137F5 /* MenuImage.png */; };
		277B5821119C97F8006137F5 /* AudioToolbox.framework in Frameworks */ = {isa = PBXBuildFile; fileRef = 277B5820119C97F8006137F5 /* AudioToolbox.framework */; };
		277B5865119CE4E6006137F5 /* GameMenu.m in Sources */ = {isa = PBXBuildFile; fileRef = 277B5863119CE4E6006137F5 /* GameMenu.m */; };
		277B5866119CE4E6006137F5 /* GameMenu.xib in Resources */ = {isa = PBXBuildFile; fileRef = 277B5864119CE4E6006137F5 /* GameMenu.xib */; };
		278FA46211A36A9300F20538 /* AVFoundation.framework in Frameworks */ = {isa = PBXBuildFile; fileRef = 278FA46111A36A9300F20538 /* AVFoundation.framework */; };
		278FA51311A3847E00F20538 /* Audio_BG01.mp3 in Resources */ = {isa = PBXBuildFile; fileRef = 278FA51211A3847E00F20538 /* Audio_BG01.mp3 */; };
		27C29F4E119044D40049EFEB /* SetGame.m in Sources */ = {isa = PBXBuildFile; fileRef = 27C29F4D119044D40049EFEB /* SetGame.m */; };
		27C2A4AF11910D880049EFEB /* MainMenuViewController.m in Sources */ = {isa = PBXBuildFile; fileRef = 27C2A4AD11910D880049EFEB /* MainMenuViewController.m */; };
		27C2A4B011910D880049EFEB /* MainMenuViewController.xib in Resources */ = {isa = PBXBuildFile; fileRef = 27C2A4AE11910D880049EFEB /* MainMenuViewController.xib */; };
		27C2A7021195CC3E0049EFEB /* Icon.png in Resources */ = {isa = PBXBuildFile; fileRef = 27C2A7011195CC3E0049EFEB /* Icon.png */; };
		27C2AB761197BF1B0049EFEB /* 3330b.png in Resources */ = {isa = PBXBuildFile; fileRef = 27C2AB401197BF1B0049EFEB /* 3330b.png */; };
		27C2AB771197BF1B0049EFEB /* 3330a.png in Resources */ = {isa = PBXBuildFile; fileRef = 27C2AB411197BF1B0049EFEB /* 3330a.png */; };
		27C2AB781197BF1B0049EFEB /* 3320b.png in Resources */ = {isa = PBXBuildFile; fileRef = 27C2AB421197BF1B0049EFEB /* 3320b.png */; };
		27C2AB791197BF1B0049EFEB /* 3320a.png in Resources */ = {isa = PBXBuildFile; fileRef = 27C2AB431197BF1B0049EFEB /* 3320a.png */; };
		27C2AB7A1197BF1B0049EFEB /* 3310b.png in Resources */ = {isa = PBXBuildFile; fileRef = 27C2AB441197BF1B0049EFEB /* 3310b.png */; };
		27C2AB7B1197BF1B0049EFEB /* 3310a.png in Resources */ = {isa = PBXBuildFile; fileRef = 27C2AB451197BF1B0049EFEB /* 3310a.png */; };
		27C2AB7C1197BF1B0049EFEB /* 3230b.png in Resources */ = {isa = PBXBuildFile; fileRef = 27C2AB461197BF1B0049EFEB /* 3230b.png */; };
		27C2AB7D1197BF1B0049EFEB /* 3230a.png in Resources */ = {isa = PBXBuildFile; fileRef = 27C2AB471197BF1B0049EFEB /* 3230a.png */; };
		27C2AB7E1197BF1B0049EFEB /* 3220b.png in Resources */ = {isa = PBXBuildFile; fileRef = 27C2AB481197BF1B0049EFEB /* 3220b.png */; };
		27C2AB7F1197BF1B0049EFEB /* 3220a.png in Resources */ = {isa = PBXBuildFile; fileRef = 27C2AB491197BF1B0049EFEB /* 3220a.png */; };
		27C2AB801197BF1B0049EFEB /* 3210b.png in Resources */ = {isa = PBXBuildFile; fileRef = 27C2AB4A1197BF1B0049EFEB /* 3210b.png */; };
		27C2AB811197BF1B0049EFEB /* 3210a.png in Resources */ = {isa = PBXBuildFile; fileRef = 27C2AB4B1197BF1B0049EFEB /* 3210a.png */; };
		27C2AB821197BF1B0049EFEB /* 3130b.png in Resources */ = {isa = PBXBuildFile; fileRef = 27C2AB4C1197BF1B0049EFEB /* 3130b.png */; };
		27C2AB831197BF1B0049EFEB /* 3130a.png in Resources */ = {isa = PBXBuildFile; fileRef = 27C2AB4D1197BF1B0049EFEB /* 3130a.png */; };
		27C2AB841197BF1B0049EFEB /* 3120b.png in Resources */ = {isa = PBXBuildFile; fileRef = 27C2AB4E1197BF1B0049EFEB /* 3120b.png */; };
		27C2AB851197BF1B0049EFEB /* 3120a.png in Resources */ = {isa = PBXBuildFile; fileRef = 27C2AB4F1197BF1B0049EFEB /* 3120a.png */; };
		27C2AB861197BF1B0049EFEB /* 3110b.png in Resources */ = {isa = PBXBuildFile; fileRef = 27C2AB501197BF1B0049EFEB /* 3110b.png */; };
		27C2AB871197BF1B0049EFEB /* 3110a.png in Resources */ = {isa = PBXBuildFile; fileRef = 27C2AB511197BF1B0049EFEB /* 3110a.png */; };
		27C2AB881197BF1B0049EFEB /* 2330b.png in Resources */ = {isa = PBXBuildFile; fileRef = 27C2AB521197BF1B0049EFEB /* 2330b.png */; };
		27C2AB891197BF1B0049EFEB /* 2330a.png in Resources */ = {isa = PBXBuildFile; fileRef = 27C2AB531197BF1B0049EFEB /* 2330a.png */; };
		27C2AB8A1197BF1B0049EFEB /* 2320b.png in Resources */ = {isa = PBXBuildFile; fileRef = 27C2AB541197BF1B0049EFEB /* 2320b.png */; };
		27C2AB8B1197BF1B0049EFEB /* 2320a.png in Resources */ = {isa = PBXBuildFile; fileRef = 27C2AB551197BF1B0049EFEB /* 2320a.png */; };
		27C2AB8C1197BF1B0049EFEB /* 2310b.png in Resources */ = {isa = PBXBuildFile; fileRef = 27C2AB561197BF1B0049EFEB /* 2310b.png */; };
		27C2AB8D1197BF1B0049EFEB /* 2310a.png in Resources */ = {isa = PBXBuildFile; fileRef = 27C2AB571197BF1B0049EFEB /* 2310a.png */; };
		27C2AB8E1197BF1B0049EFEB /* 2230b.png in Resources */ = {isa = PBXBuildFile; fileRef = 27C2AB581197BF1B0049EFEB /* 2230b.png */; };
		27C2AB8F1197BF1B0049EFEB /* 2230a.png in Resources */ = {isa = PBXBuildFile; fileRef = 27C2AB591197BF1B0049EFEB /* 2230a.png */; };
		27C2AB901197BF1B0049EFEB /* 2220b.png in Resources */ = {isa = PBXBuildFile; fileRef = 27C2AB5A1197BF1B0049EFEB /* 2220b.png */; };
		27C2AB911197BF1B0049EFEB /* 2220a.png in Resources */ = {isa = PBXBuildFile; fileRef = 27C2AB5B1197BF1B0049EFEB /* 2220a.png */; };
		27C2AB921197BF1B0049EFEB /* 2210b.png in Resources */ = {isa = PBXBuildFile; fileRef = 27C2AB5C1197BF1B0049EFEB /* 2210b.png */; };
		27C2AB931197BF1B0049EFEB /* 2210a.png in Resources */ = {isa = PBXBuildFile; fileRef = 27C2AB5D1197BF1B0049EFEB /* 2210a.png */; };
		27C2AB941197BF1B0049EFEB /* 2130b.png in Resources */ = {isa = PBXBuildFile; fileRef = 27C2AB5E1197BF1B0049EFEB /* 2130b.png */; };
		27C2AB951197BF1B0049EFEB /* 2130a.png in Resources */ = {isa = PBXBuildFile; fileRef = 27C2AB5F1197BF1B0049EFEB /* 2130a.png */; };
		27C2AB961197BF1B0049EFEB /* 2120b.png in Resources */ = {isa = PBXBuildFile; fileRef = 27C2AB601197BF1B0049EFEB /* 2120b.png */; };
		27C2AB971197BF1B0049EFEB /* 2120a.png in Resources */ = {isa = PBXBuildFile; fileRef = 27C2AB611197BF1B0049EFEB /* 2120a.png */; };
		27C2AB981197BF1B0049EFEB /* 2110b.png in Resources */ = {isa = PBXBuildFile; fileRef = 27C2AB621197BF1B0049EFEB /* 2110b.png */; };
		27C2AB991197BF1B0049EFEB /* 2110a.png in Resources */ = {isa = PBXBuildFile; fileRef = 27C2AB631197BF1B0049EFEB /* 2110a.png */; };
		27C2AB9A1197BF1B0049EFEB /* 1330b.png in Resources */ = {isa = PBXBuildFile; fileRef = 27C2AB641197BF1B0049EFEB /* 1330b.png */; };
		27C2AB9B1197BF1B0049EFEB /* 1330a.png in Resources */ = {isa = PBXBuildFile; fileRef = 27C2AB651197BF1B0049EFEB /* 1330a.png */; };
		27C2AB9C1197BF1B0049EFEB /* 1320b.png in Resources */ = {isa = PBXBuildFile; fileRef = 27C2AB661197BF1B0049EFEB /* 1320b.png */; };
		27C2AB9D1197BF1B0049EFEB /* 1320a.png in Resources */ = {isa = PBXBuildFile; fileRef = 27C2AB671197BF1B0049EFEB /* 1320a.png */; };
		27C2AB9E1197BF1B0049EFEB /* 1310b.png in Resources */ = {isa = PBXBuildFile; fileRef = 27C2AB681197BF1B0049EFEB /* 1310b.png */; };
		27C2AB9F1197BF1B0049EFEB /* 1310a.png in Resources */ = {isa = PBXBuildFile; fileRef = 27C2AB691197BF1B0049EFEB /* 1310a.png */; };
		27C2ABA01197BF1B0049EFEB /* 1230b.png in Resources */ = {isa = PBXBuildFile; fileRef = 27C2AB6A1197BF1B0049EFEB /* 1230b.png */; };
		27C2ABA11197BF1B0049EFEB /* 1230a.png in Resources */ = {isa = PBXBuildFile; fileRef = 27C2AB6B1197BF1B0049EFEB /* 1230a.png */; };
		27C2ABA21197BF1B0049EFEB /* 1220b.png in Resources */ = {isa = PBXBuildFile; fileRef = 27C2AB6C1197BF1B0049EFEB /* 1220b.png */; };
		27C2ABA31197BF1B0049EFEB /* 1220a.png in Resources */ = {isa = PBXBuildFile; fileRef = 27C2AB6D1197BF1B0049EFEB /* 1220a.png */; };
		27C2ABA41197BF1B0049EFEB /* 1210b.png in Resources */ = {isa = PBXBuildFile; fileRef = 27C2AB6E1197BF1B0049EFEB /* 1210b.png */; };
		27C2ABA51197BF1B0049EFEB /* 1210a.png in Resources */ = {isa = PBXBuildFile; fileRef = 27C2AB6F1197BF1B0049EFEB /* 1210a.png */; };
		27C2ABA61197BF1B0049EFEB /* 1130b.png in Resources */ = {isa = PBXBuildFile; fileRef = 27C2AB701197BF1B0049EFEB /* 1130b.png */; };
		27C2ABA71197BF1B0049EFEB /* 1130a.png in Resources */ = {isa = PBXBuildFile; fileRef = 27C2AB711197BF1B0049EFEB /* 1130a.png */; };
		27C2ABA81197BF1B0049EFEB /* 1120b.png in Resources */ = {isa = PBXBuildFile; fileRef = 27C2AB721197BF1B0049EFEB /* 1120b.png */; };
		27C2ABA91197BF1B0049EFEB /* 1120a.png in Resources */ = {isa = PBXBuildFile; fileRef = 27C2AB731197BF1B0049EFEB /* 1120a.png */; };
		27C2ABAA1197BF1B0049EFEB /* 1110b.png in Resources */ = {isa = PBXBuildFile; fileRef = 27C2AB741197BF1B0049EFEB /* 1110b.png */; };
		27C2ABAB1197BF1B0049EFEB /* 1110a.png in Resources */ = {isa = PBXBuildFile; fileRef = 27C2AB751197BF1B0049EFEB /* 1110a.png */; };
		27C2AC201198EAA30049EFEB /* checkHover.png in Resources */ = {isa = PBXBuildFile; fileRef = 27C2AC1F1198EAA30049EFEB /* checkHover.png */; };
		27C2AD8211990B270049EFEB /* allBad.png in Resources */ = {isa = PBXBuildFile; fileRef = 27C2AD8011990B270049EFEB /* allBad.png */; };
		27C2AD8311990B270049EFEB /* allGood.png in Resources */ = {isa = PBXBuildFile; fileRef = 27C2AD8111990B270049EFEB /* allGood.png */; };
		27C2AEC6119A369D0049EFEB /* Data.db in Resources */ = {isa = PBXBuildFile; fileRef = 27C2AEC5119A369D0049EFEB /* Data.db */; };
		27C2AED1119A379C0049EFEB /* libsqlite3.dylib in Frameworks */ = {isa = PBXBuildFile; fileRef = 27C2AED0119A379C0049EFEB /* libsqlite3.dylib */; };
		27C2AEF0119A40490049EFEB /* Scores.m in Sources */ = {isa = PBXBuildFile; fileRef = 27C2AEEF119A40490049EFEB /* Scores.m */; };
		27CFFB4E119CF423002FD064 /* HighScoresViewController.m in Sources */ = {isa = PBXBuildFile; fileRef = 27CFFB4C119CF423002FD064 /* HighScoresViewController.m */; };
		27CFFB4F119CF423002FD064 /* HighScoresViewController.xib in Resources */ = {isa = PBXBuildFile; fileRef = 27CFFB4D119CF423002FD064 /* HighScoresViewController.xib */; };
		27CFFB81119CFDCF002FD064 /* temp_button_PLAY.png in Resources */ = {isa = PBXBuildFile; fileRef = 27CFFB80119CFDCF002FD064 /* temp_button_PLAY.png */; };
		27CFFB86119CFF6E002FD064 /* clip_crept.mp3 in Resources */ = {isa = PBXBuildFile; fileRef = 27CFFB85119CFF6E002FD064 /* clip_crept.mp3 */; };
		27F6E0F21185256E007705A9 /* Default.png in Resources */ = {isa = PBXBuildFile; fileRef = 27F6E0F11185256E007705A9 /* Default.png */; };
		27F6E17B1185328F007705A9 /* selected.png in Resources */ = {isa = PBXBuildFile; fileRef = 27F6E17A1185328F007705A9 /* selected.png */; };
		288765A50DF7441C002DB57D /* CoreGraphics.framework in Frameworks */ = {isa = PBXBuildFile; fileRef = 288765A40DF7441C002DB57D /* CoreGraphics.framework */; };
		2899E5220DE3E06400AC0155 /* ZombieGameViewController.xib in Resources */ = {isa = PBXBuildFile; fileRef = 2899E5210DE3E06400AC0155 /* ZombieGameViewController.xib */; };
		28AD733F0D9D9553002E5188 /* MainWindow.xib in Resources */ = {isa = PBXBuildFile; fileRef = 28AD733E0D9D9553002E5188 /* MainWindow.xib */; };
		28D7ACF80DDB3853001CB0EB /* ZombieGameViewController.m in Sources */ = {isa = PBXBuildFile; fileRef = 28D7ACF70DDB3853001CB0EB /* ZombieGameViewController.m */; };
/* End PBXBuildFile section */

/* Begin PBXFileReference section */
		1D30AB110D05D00D00671497 /* Foundation.framework */ = {isa = PBXFileReference; lastKnownFileType = wrapper.framework; name = Foundation.framework; path = System/Library/Frameworks/Foundation.framework; sourceTree = SDKROOT; };
		1D3623240D0F684500981E51 /* ZombieGameAppDelegate.h */ = {isa = PBXFileReference; fileEncoding = 4; lastKnownFileType = sourcecode.c.h; path = ZombieGameAppDelegate.h; sourceTree = "<group>"; };
		1D3623250D0F684500981E51 /* ZombieGameAppDelegate.m */ = {isa = PBXFileReference; fileEncoding = 4; lastKnownFileType = sourcecode.c.objc; path = ZombieGameAppDelegate.m; sourceTree = "<group>"; };
		1D6058910D05DD3D006BFB54 /* ZombieGame.app */ = {isa = PBXFileReference; explicitFileType = wrapper.application; includeInIndex = 0; path = ZombieGame.app; sourceTree = BUILT_PRODUCTS_DIR; };
		1DF5F4DF0D08C38300B7A737 /* UIKit.framework */ = {isa = PBXFileReference; lastKnownFileType = wrapper.framework; name = UIKit.framework; path = System/Library/Frameworks/UIKit.framework; sourceTree = SDKROOT; };
		2741D1641186723D001BD582 /* GameLogic.h */ = {isa = PBXFileReference; fileEncoding = 4; lastKnownFileType = sourcecode.c.h; path = GameLogic.h; sourceTree = "<group>"; };
		2741D1651186723D001BD582 /* GameLogic.m */ = {isa = PBXFileReference; fileEncoding = 4; lastKnownFileType = sourcecode.c.objc; path = GameLogic.m; sourceTree = "<group>"; };
		276069F4118921C2008E1327 /* SetPiece.h */ = {isa = PBXFileReference; fileEncoding = 4; lastKnownFileType = sourcecode.c.h; path = SetPiece.h; sourceTree = "<group>"; };
		276069F5118921C2008E1327 /* SetPiece.m */ = {isa = PBXFileReference; fileEncoding = 4; lastKnownFileType = sourcecode.c.objc; path = SetPiece.m; sourceTree = "<group>"; };
		27606A81118BC498008E1327 /* SetLogic.h */ = {isa = PBXFileReference; fileEncoding = 4; lastKnownFileType = sourcecode.c.h; path = SetLogic.h; sourceTree = "<group>"; };
		27606A82118BC498008E1327 /* SetLogic.m */ = {isa = PBXFileReference; fileEncoding = 4; lastKnownFileType = sourcecode.c.objc; path = SetLogic.m; sourceTree = "<group>"; };
		27768C1A119E2F830027AE23 /* ZombieAudio.h */ = {isa = PBXFileReference; fileEncoding = 4; lastKnownFileType = sourcecode.c.h; path = ZombieAudio.h; sourceTree = "<group>"; };
		27768C1B119E2F830027AE23 /* ZombieAudio.m */ = {isa = PBXFileReference; fileEncoding = 4; lastKnownFileType = sourcecode.c.objc; path = ZombieAudio.m; sourceTree = "<group>"; };
		27768CF7119E5E980027AE23 /* 15.wav */ = {isa = PBXFileReference; lastKnownFileType = audio.wav; name = 15.wav; path = audio/15.wav; sourceTree = "<group>"; };
		27768CF8119E5E980027AE23 /* 14.wav */ = {isa = PBXFileReference; lastKnownFileType = audio.wav; name = 14.wav; path = audio/14.wav; sourceTree = "<group>"; };
		27768CF9119E5E980027AE23 /* 13.wav */ = {isa = PBXFileReference; lastKnownFileType = audio.wav; name = 13.wav; path = audio/13.wav; sourceTree = "<group>"; };
		27768CFA119E5E980027AE23 /* 12.wav */ = {isa = PBXFileReference; lastKnownFileType = audio.wav; name = 12.wav; path = audio/12.wav; sourceTree = "<group>"; };
		27768CFB119E5E980027AE23 /* 11.wav */ = {isa = PBXFileReference; lastKnownFileType = audio.wav; name = 11.wav; path = audio/11.wav; sourceTree = "<group>"; };
		27768CFC119E5E980027AE23 /* 16.wav */ = {isa = PBXFileReference; lastKnownFileType = audio.wav; name = 16.wav; path = audio/16.wav; sourceTree = "<group>"; };
		27768CFD119E5E980027AE23 /* 24.wav */ = {isa = PBXFileReference; lastKnownFileType = audio.wav; name = 24.wav; path = audio/24.wav; sourceTree = "<group>"; };
		27768CFE119E5E980027AE23 /* 25.wav */ = {isa = PBXFileReference; lastKnownFileType = audio.wav; name = 25.wav; path = audio/25.wav; sourceTree = "<group>"; };
		27768CFF119E5E980027AE23 /* 26.wav */ = {isa = PBXFileReference; lastKnownFileType = audio.wav; name = 26.wav; path = audio/26.wav; sourceTree = "<group>"; };
		27768D00119E5E980027AE23 /* 23.wav */ = {isa = PBXFileReference; lastKnownFileType = audio.wav; name = 23.wav; path = audio/23.wav; sourceTree = "<group>"; };
		27768D01119E5E980027AE23 /* 22.wav */ = {isa = PBXFileReference; lastKnownFileType = audio.wav; name = 22.wav; path = audio/22.wav; sourceTree = "<group>"; };
		27768D02119E5E980027AE23 /* 21.wav */ = {isa = PBXFileReference; lastKnownFileType = audio.wav; name = 21.wav; path = audio/21.wav; sourceTree = "<group>"; };
		27768D03119E5E980027AE23 /* 35.wav */ = {isa = PBXFileReference; lastKnownFileType = audio.wav; name = 35.wav; path = audio/35.wav; sourceTree = "<group>"; };
		27768D04119E5E980027AE23 /* 34.wav */ = {isa = PBXFileReference; lastKnownFileType = audio.wav; name = 34.wav; path = audio/34.wav; sourceTree = "<group>"; };
		27768D05119E5E980027AE23 /* 33.wav */ = {isa = PBXFileReference; lastKnownFileType = audio.wav; name = 33.wav; path = audio/33.wav; sourceTree = "<group>"; };
		27768D06119E5E980027AE23 /* 32.wav */ = {isa = PBXFileReference; lastKnownFileType = audio.wav; name = 32.wav; path = audio/32.wav; sourceTree = "<group>"; };
		27768D07119E5E980027AE23 /* 36.wav */ = {isa = PBXFileReference; lastKnownFileType = audio.wav; name = 36.wav; path = audio/36.wav; sourceTree = "<group>"; };
		27768D08119E5E980027AE23 /* 31.wav */ = {isa = PBXFileReference; lastKnownFileType = audio.wav; name = 31.wav; path = audio/31.wav; sourceTree = "<group>"; };
		27768FAF11A0CE480027AE23 /* b_Classic_off.png */ = {isa = PBXFileReference; lastKnownFileType = image.png; path = b_Classic_off.png; sourceTree = "<group>"; };
		27768FB011A0CE480027AE23 /* b_HowTo_on.png */ = {isa = PBXFileReference; lastKnownFileType = image.png; path = b_HowTo_on.png; sourceTree = "<group>"; };
		27768FB111A0CE480027AE23 /* b_HowTo_off.png */ = {isa = PBXFileReference; lastKnownFileType = image.png; path = b_HowTo_off.png; sourceTree = "<group>"; };
		27768FB211A0CE480027AE23 /* b_Back_on.png */ = {isa = PBXFileReference; lastKnownFileType = image.png; path = b_Back_on.png; sourceTree = "<group>"; };
		27768FB311A0CE480027AE23 /* b_Back_off.png */ = {isa = PBXFileReference; lastKnownFileType = image.png; path = b_Back_off.png; sourceTree = "<group>"; };
		27768FB411A0CE480027AE23 /* b_Berzerk_on.png */ = {isa = PBXFileReference; lastKnownFileType = image.png; path = b_Berzerk_on.png; sourceTree = "<group>"; };
		27768FB511A0CE480027AE23 /* b_Berzerk_off.png */ = {isa = PBXFileReference; lastKnownFileType = image.png; path = b_Berzerk_off.png; sourceTree = "<group>"; };
		27768FB611A0CE480027AE23 /* b_Classic_on.png */ = {isa = PBXFileReference; lastKnownFileType = image.png; path = b_Classic_on.png; sourceTree = "<group>"; };
		27768FB711A0CE480027AE23 /* bg_GameMode.jpg */ = {isa = PBXFileReference; lastKnownFileType = image.jpeg; path = bg_GameMode.jpg; sourceTree = "<group>"; };
		27768FB811A0CE480027AE23 /* b_Options_on.png */ = {isa = PBXFileReference; lastKnownFileType = image.png; path = b_Options_on.png; sourceTree = "<group>"; };
		27768FB911A0CE480027AE23 /* b_Options_off.png */ = {isa = PBXFileReference; lastKnownFileType = image.png; path = b_Options_off.png; sourceTree = "<group>"; };
		27768FBA11A0CE480027AE23 /* b_HighScores_on.png */ = {isa = PBXFileReference; lastKnownFileType = image.png; path = b_HighScores_on.png; sourceTree = "<group>"; };
		27768FBB11A0CE480027AE23 /* b_HighScores_off.png */ = {isa = PBXFileReference; lastKnownFileType = image.png; path = b_HighScores_off.png; sourceTree = "<group>"; };
		27768FBC11A0CE480027AE23 /* b_Play_on.png */ = {isa = PBXFileReference; lastKnownFileType = image.png; path = b_Play_on.png; sourceTree = "<group>"; };
		27768FBD11A0CE480027AE23 /* b_Play_off.png */ = {isa = PBXFileReference; lastKnownFileType = image.png; path = b_Play_off.png; sourceTree = "<group>"; };
		27768FDE11A0D71D0027AE23 /* bg_Splash.jpg */ = {isa = PBXFileReference; lastKnownFileType = image.jpeg; path = bg_Splash.jpg; sourceTree = "<group>"; };
		27768FF811A0DC640027AE23 /* OptionsViewController.h */ = {isa = PBXFileReference; fileEncoding = 4; lastKnownFileType = sourcecode.c.h; name = OptionsViewController.h; path = ../OptionsViewController.h; sourceTree = "<group>"; };
		27768FF911A0DC640027AE23 /* OptionsViewController.m */ = {isa = PBXFileReference; fileEncoding = 4; lastKnownFileType = sourcecode.c.objc; name = OptionsViewController.m; path = ../OptionsViewController.m; sourceTree = "<group>"; };
		27768FFA11A0DC640027AE23 /* OptionsViewController.xib */ = {isa = PBXFileReference; lastKnownFileType = file.xib; path = OptionsViewController.xib; sourceTree = "<group>"; };
		2776907411A0FCDA0027AE23 /* bg_GamePlay.jpg */ = {isa = PBXFileReference; lastKnownFileType = image.jpeg; path = bg_GamePlay.jpg; sourceTree = "<group>"; };
		2776912C11A2211A0027AE23 /* b_PlayAgain_on.png */ = {isa = PBXFileReference; lastKnownFileType = image.png; path = b_PlayAgain_on.png; sourceTree = "<group>"; };
		2776912D11A2211A0027AE23 /* b_PlayAgain_off.png */ = {isa = PBXFileReference; lastKnownFileType = image.png; path = b_PlayAgain_off.png; sourceTree = "<group>"; };
		2776912E11A2211A0027AE23 /* b_MainMenu_on.png */ = {isa = PBXFileReference; lastKnownFileType = image.png; path = b_MainMenu_on.png; sourceTree = "<group>"; };
		2776912F11A2211A0027AE23 /* b_MainMenu_off.png */ = {isa = PBXFileReference; lastKnownFileType = image.png; path = b_MainMenu_off.png; sourceTree = "<group>"; };
		2776913011A2211A0027AE23 /* bg_HighScores.jpg */ = {isa = PBXFileReference; lastKnownFileType = image.jpeg; path = bg_HighScores.jpg; sourceTree = "<group>"; };
		277691E311A230F10027AE23 /* brain_2.png */ = {isa = PBXFileReference; lastKnownFileType = image.png; path = brain_2.png; sourceTree = "<group>"; };
		277691E411A230F10027AE23 /* brain_1.png */ = {isa = PBXFileReference; lastKnownFileType = image.png; path = brain_1.png; sourceTree = "<group>"; };
		2776922B11A2420D0027AE23 /* HowToPlayViewController.h */ = {isa = PBXFileReference; fileEncoding = 4; lastKnownFileType = sourcecode.c.h; path = HowToPlayViewController.h; sourceTree = "<group>"; };
		2776922C11A2420D0027AE23 /* HowToPlayViewController.m */ = {isa = PBXFileReference; fileEncoding = 4; lastKnownFileType = sourcecode.c.objc; path = HowToPlayViewController.m; sourceTree = "<group>"; };
		2776922D11A2420D0027AE23 /* HowToPlayViewController.xib */ = {isa = PBXFileReference; lastKnownFileType = file.xib; name = HowToPlayViewController.xib; path = Classes/HowToPlayViewController.xib; sourceTree = "<group>"; };
		277692BA11A25F150027AE23 /* brainPump.wav */ = {isa = PBXFileReference; lastKnownFileType = audio.wav; path = brainPump.wav; sourceTree = "<group>"; };
		277B57B9119BA440006137F5 /* bg_gameplay01.jpg */ = {isa = PBXFileReference; lastKnownFileType = image.jpeg; path = bg_gameplay01.jpg; sourceTree = "<group>"; };
		277B57C2119BA633006137F5 /* MenuImage.png */ = {isa = PBXFileReference; lastKnownFileType = image.png; path = MenuImage.png; sourceTree = "<group>"; };
		277B5820119C97F8006137F5 /* AudioToolbox.framework */ = {isa = PBXFileReference; lastKnownFileType = wrapper.framework; name = AudioToolbox.framework; path = System/Library/Frameworks/AudioToolbox.framework; sourceTree = SDKROOT; };
		277B5862119CE4E6006137F5 /* GameMenu.h */ = {isa = PBXFileReference; fileEncoding = 4; lastKnownFileType = sourcecode.c.h; name = GameMenu.h; path = ../GameMenu.h; sourceTree = "<group>"; };
		277B5863119CE4E6006137F5 /* GameMenu.m */ = {isa = PBXFileReference; fileEncoding = 4; lastKnownFileType = sourcecode.c.objc; name = GameMenu.m; path = ../GameMenu.m; sourceTree = "<group>"; };
		277B5864119CE4E6006137F5 /* GameMenu.xib */ = {isa = PBXFileReference; lastKnownFileType = file.xib; path = GameMenu.xib; sourceTree = "<group>"; };
		278FA46111A36A9300F20538 /* AVFoundation.framework */ = {isa = PBXFileReference; lastKnownFileType = wrapper.framework; name = AVFoundation.framework; path = System/Library/Frameworks/AVFoundation.framework; sourceTree = SDKROOT; };
		278FA51211A3847E00F20538 /* Audio_BG01.mp3 */ = {isa = PBXFileReference; lastKnownFileType = audio.mp3; path = Audio_BG01.mp3; sourceTree = "<group>"; };
		27C29F4C119044D40049EFEB /* SetGame.h */ = {isa = PBXFileReference; fileEncoding = 4; lastKnownFileType = sourcecode.c.h; path = SetGame.h; sourceTree = "<group>"; };
		27C29F4D119044D40049EFEB /* SetGame.m */ = {isa = PBXFileReference; fileEncoding = 4; lastKnownFileType = sourcecode.c.objc; path = SetGame.m; sourceTree = "<group>"; };
		27C2A4AC11910D880049EFEB /* MainMenuViewController.h */ = {isa = PBXFileReference; fileEncoding = 4; lastKnownFileType = sourcecode.c.h; path = MainMenuViewController.h; sourceTree = "<group>"; };
		27C2A4AD11910D880049EFEB /* MainMenuViewController.m */ = {isa = PBXFileReference; fileEncoding = 4; lastKnownFileType = sourcecode.c.objc; path = MainMenuViewController.m; sourceTree = "<group>"; };
		27C2A4AE11910D880049EFEB /* MainMenuViewController.xib */ = {isa = PBXFileReference; lastKnownFileType = file.xib; name = MainMenuViewController.xib; path = Classes/MainMenuViewController.xib; sourceTree = "<group>"; };
		27C2A7011195CC3E0049EFEB /* Icon.png */ = {isa = PBXFileReference; lastKnownFileType = image.png; path = Icon.png; sourceTree = "<group>"; };
		27C2AB401197BF1B0049EFEB /* 3330b.png */ = {isa = PBXFileReference; lastKnownFileType = image.png; name = 3330b.png; path = Pieces/3330b.png; sourceTree = "<group>"; };
		27C2AB411197BF1B0049EFEB /* 3330a.png */ = {isa = PBXFileReference; lastKnownFileType = image.png; name = 3330a.png; path = Pieces/3330a.png; sourceTree = "<group>"; };
		27C2AB421197BF1B0049EFEB /* 3320b.png */ = {isa = PBXFileReference; lastKnownFileType = image.png; name = 3320b.png; path = Pieces/3320b.png; sourceTree = "<group>"; };
		27C2AB431197BF1B0049EFEB /* 3320a.png */ = {isa = PBXFileReference; lastKnownFileType = image.png; name = 3320a.png; path = Pieces/3320a.png; sourceTree = "<group>"; };
		27C2AB441197BF1B0049EFEB /* 3310b.png */ = {isa = PBXFileReference; lastKnownFileType = image.png; name = 3310b.png; path = Pieces/3310b.png; sourceTree = "<group>"; };
		27C2AB451197BF1B0049EFEB /* 3310a.png */ = {isa = PBXFileReference; lastKnownFileType = image.png; name = 3310a.png; path = Pieces/3310a.png; sourceTree = "<group>"; };
		27C2AB461197BF1B0049EFEB /* 3230b.png */ = {isa = PBXFileReference; lastKnownFileType = image.png; name = 3230b.png; path = Pieces/3230b.png; sourceTree = "<group>"; };
		27C2AB471197BF1B0049EFEB /* 3230a.png */ = {isa = PBXFileReference; lastKnownFileType = image.png; name = 3230a.png; path = Pieces/3230a.png; sourceTree = "<group>"; };
		27C2AB481197BF1B0049EFEB /* 3220b.png */ = {isa = PBXFileReference; lastKnownFileType = image.png; name = 3220b.png; path = Pieces/3220b.png; sourceTree = "<group>"; };
		27C2AB491197BF1B0049EFEB /* 3220a.png */ = {isa = PBXFileReference; lastKnownFileType = image.png; name = 3220a.png; path = Pieces/3220a.png; sourceTree = "<group>"; };
		27C2AB4A1197BF1B0049EFEB /* 3210b.png */ = {isa = PBXFileReference; lastKnownFileType = image.png; name = 3210b.png; path = Pieces/3210b.png; sourceTree = "<group>"; };
		27C2AB4B1197BF1B0049EFEB /* 3210a.png */ = {isa = PBXFileReference; lastKnownFileType = image.png; name = 3210a.png; path = Pieces/3210a.png; sourceTree = "<group>"; };
		27C2AB4C1197BF1B0049EFEB /* 3130b.png */ = {isa = PBXFileReference; lastKnownFileType = image.png; name = 3130b.png; path = Pieces/3130b.png; sourceTree = "<group>"; };
		27C2AB4D1197BF1B0049EFEB /* 3130a.png */ = {isa = PBXFileReference; lastKnownFileType = image.png; name = 3130a.png; path = Pieces/3130a.png; sourceTree = "<group>"; };
		27C2AB4E1197BF1B0049EFEB /* 3120b.png */ = {isa = PBXFileReference; lastKnownFileType = image.png; name = 3120b.png; path = Pieces/3120b.png; sourceTree = "<group>"; };
		27C2AB4F1197BF1B0049EFEB /* 3120a.png */ = {isa = PBXFileReference; lastKnownFileType = image.png; name = 3120a.png; path = Pieces/3120a.png; sourceTree = "<group>"; };
		27C2AB501197BF1B0049EFEB /* 3110b.png */ = {isa = PBXFileReference; lastKnownFileType = image.png; name = 3110b.png; path = Pieces/3110b.png; sourceTree = "<group>"; };
		27C2AB511197BF1B0049EFEB /* 3110a.png */ = {isa = PBXFileReference; lastKnownFileType = image.png; name = 3110a.png; path = Pieces/3110a.png; sourceTree = "<group>"; };
		27C2AB521197BF1B0049EFEB /* 2330b.png */ = {isa = PBXFileReference; lastKnownFileType = image.png; name = 2330b.png; path = Pieces/2330b.png; sourceTree = "<group>"; };
		27C2AB531197BF1B0049EFEB /* 2330a.png */ = {isa = PBXFileReference; lastKnownFileType = image.png; name = 2330a.png; path = Pieces/2330a.png; sourceTree = "<group>"; };
		27C2AB541197BF1B0049EFEB /* 2320b.png */ = {isa = PBXFileReference; lastKnownFileType = image.png; name = 2320b.png; path = Pieces/2320b.png; sourceTree = "<group>"; };
		27C2AB551197BF1B0049EFEB /* 2320a.png */ = {isa = PBXFileReference; lastKnownFileType = image.png; name = 2320a.png; path = Pieces/2320a.png; sourceTree = "<group>"; };
		27C2AB561197BF1B0049EFEB /* 2310b.png */ = {isa = PBXFileReference; lastKnownFileType = image.png; name = 2310b.png; path = Pieces/2310b.png; sourceTree = "<group>"; };
		27C2AB571197BF1B0049EFEB /* 2310a.png */ = {isa = PBXFileReference; lastKnownFileType = image.png; name = 2310a.png; path = Pieces/2310a.png; sourceTree = "<group>"; };
		27C2AB581197BF1B0049EFEB /* 2230b.png */ = {isa = PBXFileReference; lastKnownFileType = image.png; name = 2230b.png; path = Pieces/2230b.png; sourceTree = "<group>"; };
		27C2AB591197BF1B0049EFEB /* 2230a.png */ = {isa = PBXFileReference; lastKnownFileType = image.png; name = 2230a.png; path = Pieces/2230a.png; sourceTree = "<group>"; };
		27C2AB5A1197BF1B0049EFEB /* 2220b.png */ = {isa = PBXFileReference; lastKnownFileType = image.png; name = 2220b.png; path = Pieces/2220b.png; sourceTree = "<group>"; };
		27C2AB5B1197BF1B0049EFEB /* 2220a.png */ = {isa = PBXFileReference; lastKnownFileType = image.png; name = 2220a.png; path = Pieces/2220a.png; sourceTree = "<group>"; };
		27C2AB5C1197BF1B0049EFEB /* 2210b.png */ = {isa = PBXFileReference; lastKnownFileType = image.png; name = 2210b.png; path = Pieces/2210b.png; sourceTree = "<group>"; };
		27C2AB5D1197BF1B0049EFEB /* 2210a.png */ = {isa = PBXFileReference; lastKnownFileType = image.png; name = 2210a.png; path = Pieces/2210a.png; sourceTree = "<group>"; };
		27C2AB5E1197BF1B0049EFEB /* 2130b.png */ = {isa = PBXFileReference; lastKnownFileType = image.png; name = 2130b.png; path = Pieces/2130b.png; sourceTree = "<group>"; };
		27C2AB5F1197BF1B0049EFEB /* 2130a.png */ = {isa = PBXFileReference; lastKnownFileType = image.png; name = 2130a.png; path = Pieces/2130a.png; sourceTree = "<group>"; };
		27C2AB601197BF1B0049EFEB /* 2120b.png */ = {isa = PBXFileReference; lastKnownFileType = image.png; name = 2120b.png; path = Pieces/2120b.png; sourceTree = "<group>"; };
		27C2AB611197BF1B0049EFEB /* 2120a.png */ = {isa = PBXFileReference; lastKnownFileType = image.png; name = 2120a.png; path = Pieces/2120a.png; sourceTree = "<group>"; };
		27C2AB621197BF1B0049EFEB /* 2110b.png */ = {isa = PBXFileReference; lastKnownFileType = image.png; name = 2110b.png; path = Pieces/2110b.png; sourceTree = "<group>"; };
		27C2AB631197BF1B0049EFEB /* 2110a.png */ = {isa = PBXFileReference; lastKnownFileType = image.png; name = 2110a.png; path = Pieces/2110a.png; sourceTree = "<group>"; };
		27C2AB641197BF1B0049EFEB /* 1330b.png */ = {isa = PBXFileReference; lastKnownFileType = image.png; name = 1330b.png; path = Pieces/1330b.png; sourceTree = "<group>"; };
		27C2AB651197BF1B0049EFEB /* 1330a.png */ = {isa = PBXFileReference; lastKnownFileType = image.png; name = 1330a.png; path = Pieces/1330a.png; sourceTree = "<group>"; };
		27C2AB661197BF1B0049EFEB /* 1320b.png */ = {isa = PBXFileReference; lastKnownFileType = image.png; name = 1320b.png; path = Pieces/1320b.png; sourceTree = "<group>"; };
		27C2AB671197BF1B0049EFEB /* 1320a.png */ = {isa = PBXFileReference; lastKnownFileType = image.png; name = 1320a.png; path = Pieces/1320a.png; sourceTree = "<group>"; };
		27C2AB681197BF1B0049EFEB /* 1310b.png */ = {isa = PBXFileReference; lastKnownFileType = image.png; name = 1310b.png; path = Pieces/1310b.png; sourceTree = "<group>"; };
		27C2AB691197BF1B0049EFEB /* 1310a.png */ = {isa = PBXFileReference; lastKnownFileType = image.png; name = 1310a.png; path = Pieces/1310a.png; sourceTree = "<group>"; };
		27C2AB6A1197BF1B0049EFEB /* 1230b.png */ = {isa = PBXFileReference; lastKnownFileType = image.png; name = 1230b.png; path = Pieces/1230b.png; sourceTree = "<group>"; };
		27C2AB6B1197BF1B0049EFEB /* 1230a.png */ = {isa = PBXFileReference; lastKnownFileType = image.png; name = 1230a.png; path = Pieces/1230a.png; sourceTree = "<group>"; };
		27C2AB6C1197BF1B0049EFEB /* 1220b.png */ = {isa = PBXFileReference; lastKnownFileType = image.png; name = 1220b.png; path = Pieces/1220b.png; sourceTree = "<group>"; };
		27C2AB6D1197BF1B0049EFEB /* 1220a.png */ = {isa = PBXFileReference; lastKnownFileType = image.png; name = 1220a.png; path = Pieces/1220a.png; sourceTree = "<group>"; };
		27C2AB6E1197BF1B0049EFEB /* 1210b.png */ = {isa = PBXFileReference; lastKnownFileType = image.png; name = 1210b.png; path = Pieces/1210b.png; sourceTree = "<group>"; };
		27C2AB6F1197BF1B0049EFEB /* 1210a.png */ = {isa = PBXFileReference; lastKnownFileType = image.png; name = 1210a.png; path = Pieces/1210a.png; sourceTree = "<group>"; };
		27C2AB701197BF1B0049EFEB /* 1130b.png */ = {isa = PBXFileReference; lastKnownFileType = image.png; name = 1130b.png; path = Pieces/1130b.png; sourceTree = "<group>"; };
		27C2AB711197BF1B0049EFEB /* 1130a.png */ = {isa = PBXFileReference; lastKnownFileType = image.png; name = 1130a.png; path = Pieces/1130a.png; sourceTree = "<group>"; };
		27C2AB721197BF1B0049EFEB /* 1120b.png */ = {isa = PBXFileReference; lastKnownFileType = image.png; name = 1120b.png; path = Pieces/1120b.png; sourceTree = "<group>"; };
		27C2AB731197BF1B0049EFEB /* 1120a.png */ = {isa = PBXFileReference; lastKnownFileType = image.png; name = 1120a.png; path = Pieces/1120a.png; sourceTree = "<group>"; };
		27C2AB741197BF1B0049EFEB /* 1110b.png */ = {isa = PBXFileReference; lastKnownFileType = image.png; name = 1110b.png; path = Pieces/1110b.png; sourceTree = "<group>"; };
		27C2AB751197BF1B0049EFEB /* 1110a.png */ = {isa = PBXFileReference; lastKnownFileType = image.png; name = 1110a.png; path = Pieces/1110a.png; sourceTree = "<group>"; };
		27C2AC1F1198EAA30049EFEB /* checkHover.png */ = {isa = PBXFileReference; lastKnownFileType = image.png; path = checkHover.png; sourceTree = "<group>"; };
		27C2AD8011990B270049EFEB /* allBad.png */ = {isa = PBXFileReference; lastKnownFileType = image.png; path = allBad.png; sourceTree = "<group>"; };
		27C2AD8111990B270049EFEB /* allGood.png */ = {isa = PBXFileReference; lastKnownFileType = image.png; path = allGood.png; sourceTree = "<group>"; };
		27C2AEC5119A369D0049EFEB /* Data.db */ = {isa = PBXFileReference; lastKnownFileType = file; path = Data.db; sourceTree = "<group>"; };
		27C2AED0119A379C0049EFEB /* libsqlite3.dylib */ = {isa = PBXFileReference; lastKnownFileType = "compiled.mach-o.dylib"; name = libsqlite3.dylib; path = usr/lib/libsqlite3.dylib; sourceTree = SDKROOT; };
		27C2AEEE119A40490049EFEB /* Scores.h */ = {isa = PBXFileReference; fileEncoding = 4; lastKnownFileType = sourcecode.c.h; path = Scores.h; sourceTree = "<group>"; };
		27C2AEEF119A40490049EFEB /* Scores.m */ = {isa = PBXFileReference; fileEncoding = 4; lastKnownFileType = sourcecode.c.objc; path = Scores.m; sourceTree = "<group>"; };
		27CFFB4B119CF423002FD064 /* HighScoresViewController.h */ = {isa = PBXFileReference; fileEncoding = 4; lastKnownFileType = sourcecode.c.h; path = HighScoresViewController.h; sourceTree = "<group>"; };
		27CFFB4C119CF423002FD064 /* HighScoresViewController.m */ = {isa = PBXFileReference; fileEncoding = 4; lastKnownFileType = sourcecode.c.objc; path = HighScoresViewController.m; sourceTree = "<group>"; };
		27CFFB4D119CF423002FD064 /* HighScoresViewController.xib */ = {isa = PBXFileReference; lastKnownFileType = file.xib; name = HighScoresViewController.xib; path = Classes/HighScoresViewController.xib; sourceTree = "<group>"; };
		27CFFB80119CFDCF002FD064 /* temp_button_PLAY.png */ = {isa = PBXFileReference; lastKnownFileType = image.png; path = temp_button_PLAY.png; sourceTree = "<group>"; };
		27CFFB85119CFF6E002FD064 /* clip_crept.mp3 */ = {isa = PBXFileReference; lastKnownFileType = audio.mp3; path = clip_crept.mp3; sourceTree = "<group>"; };
		27F6E0F11185256E007705A9 /* Default.png */ = {isa = PBXFileReference; lastKnownFileType = image.png; path = Default.png; sourceTree = "<group>"; };
		27F6E17A1185328F007705A9 /* selected.png */ = {isa = PBXFileReference; lastKnownFileType = image.png; path = selected.png; sourceTree = "<group>"; };
		288765A40DF7441C002DB57D /* CoreGraphics.framework */ = {isa = PBXFileReference; lastKnownFileType = wrapper.framework; name = CoreGraphics.framework; path = System/Library/Frameworks/CoreGraphics.framework; sourceTree = SDKROOT; };
		2899E5210DE3E06400AC0155 /* ZombieGameViewController.xib */ = {isa = PBXFileReference; lastKnownFileType = file.xib; path = ZombieGameViewController.xib; sourceTree = "<group>"; };
		28AD733E0D9D9553002E5188 /* MainWindow.xib */ = {isa = PBXFileReference; lastKnownFileType = file.xib; path = MainWindow.xib; sourceTree = "<group>"; };
		28D7ACF60DDB3853001CB0EB /* ZombieGameViewController.h */ = {isa = PBXFileReference; fileEncoding = 4; lastKnownFileType = sourcecode.c.h; path = ZombieGameViewController.h; sourceTree = "<group>"; };
		28D7ACF70DDB3853001CB0EB /* ZombieGameViewController.m */ = {isa = PBXFileReference; fileEncoding = 4; lastKnownFileType = sourcecode.c.objc; path = ZombieGameViewController.m; sourceTree = "<group>"; };
		29B97316FDCFA39411CA2CEA /* main.m */ = {isa = PBXFileReference; fileEncoding = 4; lastKnownFileType = sourcecode.c.objc; path = main.m; sourceTree = "<group>"; };
		32CA4F630368D1EE00C91783 /* ZombieGame_Prefix.pch */ = {isa = PBXFileReference; fileEncoding = 4; lastKnownFileType = sourcecode.c.h; path = ZombieGame_Prefix.pch; sourceTree = "<group>"; };
		8D1107310486CEB800E47090 /* ZombieGame-Info.plist */ = {isa = PBXFileReference; fileEncoding = 4; lastKnownFileType = text.plist.xml; path = "ZombieGame-Info.plist"; plistStructureDefinitionIdentifier = "com.apple.xcode.plist.structure-definition.iphone.info-plist"; sourceTree = "<group>"; };
/* End PBXFileReference section */

/* Begin PBXFrameworksBuildPhase section */
		1D60588F0D05DD3D006BFB54 /* Frameworks */ = {
			isa = PBXFrameworksBuildPhase;
			buildActionMask = 2147483647;
			files = (
				1D60589F0D05DD5A006BFB54 /* Foundation.framework in Frameworks */,
				1DF5F4E00D08C38300B7A737 /* UIKit.framework in Frameworks */,
				288765A50DF7441C002DB57D /* CoreGraphics.framework in Frameworks */,
				27C2AED1119A379C0049EFEB /* libsqlite3.dylib in Frameworks */,
				277B5821119C97F8006137F5 /* AudioToolbox.framework in Frameworks */,
				278FA46211A36A9300F20538 /* AVFoundation.framework in Frameworks */,
			);
			runOnlyForDeploymentPostprocessing = 0;
		};
/* End PBXFrameworksBuildPhase section */

/* Begin PBXGroup section */
		080E96DDFE201D6D7F000001 /* Classes */ = {
			isa = PBXGroup;
			children = (
				27768FF811A0DC640027AE23 /* OptionsViewController.h */,
				27768FF911A0DC640027AE23 /* OptionsViewController.m */,
				277B5862119CE4E6006137F5 /* GameMenu.h */,
				277B5863119CE4E6006137F5 /* GameMenu.m */,
				1D3623240D0F684500981E51 /* ZombieGameAppDelegate.h */,
				1D3623250D0F684500981E51 /* ZombieGameAppDelegate.m */,
				28D7ACF60DDB3853001CB0EB /* ZombieGameViewController.h */,
				28D7ACF70DDB3853001CB0EB /* ZombieGameViewController.m */,
				2741D1641186723D001BD582 /* GameLogic.h */,
				2741D1651186723D001BD582 /* GameLogic.m */,
				276069F4118921C2008E1327 /* SetPiece.h */,
				276069F5118921C2008E1327 /* SetPiece.m */,
				27606A81118BC498008E1327 /* SetLogic.h */,
				27606A82118BC498008E1327 /* SetLogic.m */,
				27C29F4C119044D40049EFEB /* SetGame.h */,
				27C29F4D119044D40049EFEB /* SetGame.m */,
				27C2A4AC11910D880049EFEB /* MainMenuViewController.h */,
				27C2A4AD11910D880049EFEB /* MainMenuViewController.m */,
				27C2AEEE119A40490049EFEB /* Scores.h */,
				27C2AEEF119A40490049EFEB /* Scores.m */,
				27CFFB4B119CF423002FD064 /* HighScoresViewController.h */,
				27CFFB4C119CF423002FD064 /* HighScoresViewController.m */,
				27768C1A119E2F830027AE23 /* ZombieAudio.h */,
				27768C1B119E2F830027AE23 /* ZombieAudio.m */,
				2776922B11A2420D0027AE23 /* HowToPlayViewController.h */,
				2776922C11A2420D0027AE23 /* HowToPlayViewController.m */,
			);
			path = Classes;
			sourceTree = "<group>";
		};
		19C28FACFE9D520D11CA2CBB /* Products */ = {
			isa = PBXGroup;
			children = (
				1D6058910D05DD3D006BFB54 /* ZombieGame.app */,
			);
			name = Products;
			sourceTree = "<group>";
		};
		27768CF6119E5E790027AE23 /* audio */ = {
			isa = PBXGroup;
			children = (
				27CFFB85119CFF6E002FD064 /* clip_crept.mp3 */,
				27768CF7119E5E980027AE23 /* 15.wav */,
				27768CF8119E5E980027AE23 /* 14.wav */,
				27768CF9119E5E980027AE23 /* 13.wav */,
				27768CFA119E5E980027AE23 /* 12.wav */,
				27768CFB119E5E980027AE23 /* 11.wav */,
				27768CFC119E5E980027AE23 /* 16.wav */,
				27768CFD119E5E980027AE23 /* 24.wav */,
				27768CFE119E5E980027AE23 /* 25.wav */,
				27768CFF119E5E980027AE23 /* 26.wav */,
				27768D00119E5E980027AE23 /* 23.wav */,
				27768D01119E5E980027AE23 /* 22.wav */,
				27768D02119E5E980027AE23 /* 21.wav */,
				27768D03119E5E980027AE23 /* 35.wav */,
				27768D04119E5E980027AE23 /* 34.wav */,
				27768D05119E5E980027AE23 /* 33.wav */,
				27768D06119E5E980027AE23 /* 32.wav */,
				27768D07119E5E980027AE23 /* 36.wav */,
				27768D08119E5E980027AE23 /* 31.wav */,
			);
			name = audio;
			sourceTree = "<group>";
		};
		27F6DF501185220D007705A9 /* Pieces */ = {
			isa = PBXGroup;
			children = (
				27C2AB401197BF1B0049EFEB /* 3330b.png */,
				27C2AB411197BF1B0049EFEB /* 3330a.png */,
				27C2AB421197BF1B0049EFEB /* 3320b.png */,
				27C2AB431197BF1B0049EFEB /* 3320a.png */,
				27C2AB441197BF1B0049EFEB /* 3310b.png */,
				27C2AB451197BF1B0049EFEB /* 3310a.png */,
				27C2AB461197BF1B0049EFEB /* 3230b.png */,
				27C2AB471197BF1B0049EFEB /* 3230a.png */,
				27C2AB481197BF1B0049EFEB /* 3220b.png */,
				27C2AB491197BF1B0049EFEB /* 3220a.png */,
				27C2AB4A1197BF1B0049EFEB /* 3210b.png */,
				27C2AB4B1197BF1B0049EFEB /* 3210a.png */,
				27C2AB4C1197BF1B0049EFEB /* 3130b.png */,
				27C2AB4D1197BF1B0049EFEB /* 3130a.png */,
				27C2AB4E1197BF1B0049EFEB /* 3120b.png */,
				27C2AB4F1197BF1B0049EFEB /* 3120a.png */,
				27C2AB501197BF1B0049EFEB /* 3110b.png */,
				27C2AB511197BF1B0049EFEB /* 3110a.png */,
				27C2AB521197BF1B0049EFEB /* 2330b.png */,
				27C2AB531197BF1B0049EFEB /* 2330a.png */,
				27C2AB541197BF1B0049EFEB /* 2320b.png */,
				27C2AB551197BF1B0049EFEB /* 2320a.png */,
				27C2AB561197BF1B0049EFEB /* 2310b.png */,
				27C2AB571197BF1B0049EFEB /* 2310a.png */,
				27C2AB581197BF1B0049EFEB /* 2230b.png */,
				27C2AB591197BF1B0049EFEB /* 2230a.png */,
				27C2AB5A1197BF1B0049EFEB /* 2220b.png */,
				27C2AB5B1197BF1B0049EFEB /* 2220a.png */,
				27C2AB5C1197BF1B0049EFEB /* 2210b.png */,
				27C2AB5D1197BF1B0049EFEB /* 2210a.png */,
				27C2AB5E1197BF1B0049EFEB /* 2130b.png */,
				27C2AB5F1197BF1B0049EFEB /* 2130a.png */,
				27C2AB601197BF1B0049EFEB /* 2120b.png */,
				27C2AB611197BF1B0049EFEB /* 2120a.png */,
				27C2AB621197BF1B0049EFEB /* 2110b.png */,
				27C2AB631197BF1B0049EFEB /* 2110a.png */,
				27C2AB641197BF1B0049EFEB /* 1330b.png */,
				27C2AB651197BF1B0049EFEB /* 1330a.png */,
				27C2AB661197BF1B0049EFEB /* 1320b.png */,
				27C2AB671197BF1B0049EFEB /* 1320a.png */,
				27C2AB681197BF1B0049EFEB /* 1310b.png */,
				27C2AB691197BF1B0049EFEB /* 1310a.png */,
				27C2AB6A1197BF1B0049EFEB /* 1230b.png */,
				27C2AB6B1197BF1B0049EFEB /* 1230a.png */,
				27C2AB6C1197BF1B0049EFEB /* 1220b.png */,
				27C2AB6D1197BF1B0049EFEB /* 1220a.png */,
				27C2AB6E1197BF1B0049EFEB /* 1210b.png */,
				27C2AB6F1197BF1B0049EFEB /* 1210a.png */,
				27C2AB701197BF1B0049EFEB /* 1130b.png */,
				27C2AB711197BF1B0049EFEB /* 1130a.png */,
				27C2AB721197BF1B0049EFEB /* 1120b.png */,
				27C2AB731197BF1B0049EFEB /* 1120a.png */,
				27C2AB741197BF1B0049EFEB /* 1110b.png */,
				27C2AB751197BF1B0049EFEB /* 1110a.png */,
			);
			name = Pieces;
			sourceTree = "<group>";
		};
		29B97314FDCFA39411CA2CEA /* CustomTemplate */ = {
			isa = PBXGroup;
			children = (
				2776907411A0FCDA0027AE23 /* bg_GamePlay.jpg */,
				080E96DDFE201D6D7F000001 /* Classes */,
				29B97315FDCFA39411CA2CEA /* Other Sources */,
				29B97317FDCFA39411CA2CEA /* Resources */,
				29B97323FDCFA39411CA2CEA /* Frameworks */,
				19C28FACFE9D520D11CA2CBB /* Products */,
			);
			name = CustomTemplate;
			sourceTree = "<group>";
		};
		29B97315FDCFA39411CA2CEA /* Other Sources */ = {
			isa = PBXGroup;
			children = (
				32CA4F630368D1EE00C91783 /* ZombieGame_Prefix.pch */,
				29B97316FDCFA39411CA2CEA /* main.m */,
			);
			name = "Other Sources";
			sourceTree = "<group>";
		};
		29B97317FDCFA39411CA2CEA /* Resources */ = {
			isa = PBXGroup;
			children = (
				278FA51211A3847E00F20538 /* Audio_BG01.mp3 */,
				277692BA11A25F150027AE23 /* brainPump.wav */,
				277691E311A230F10027AE23 /* brain_2.png */,
				277691E411A230F10027AE23 /* brain_1.png */,
				2776912C11A2211A0027AE23 /* b_PlayAgain_on.png */,
				2776912D11A2211A0027AE23 /* b_PlayAgain_off.png */,
				2776912E11A2211A0027AE23 /* b_MainMenu_on.png */,
				2776912F11A2211A0027AE23 /* b_MainMenu_off.png */,
				2776913011A2211A0027AE23 /* bg_HighScores.jpg */,
				27768FDE11A0D71D0027AE23 /* bg_Splash.jpg */,
				27768FAF11A0CE480027AE23 /* b_Classic_off.png */,
				27768FB011A0CE480027AE23 /* b_HowTo_on.png */,
				27768FB111A0CE480027AE23 /* b_HowTo_off.png */,
				27768FB211A0CE480027AE23 /* b_Back_on.png */,
				27768FB311A0CE480027AE23 /* b_Back_off.png */,
				27768FB411A0CE480027AE23 /* b_Berzerk_on.png */,
				27768FB511A0CE480027AE23 /* b_Berzerk_off.png */,
				27768FB611A0CE480027AE23 /* b_Classic_on.png */,
				27768FB711A0CE480027AE23 /* bg_GameMode.jpg */,
				27768FB811A0CE480027AE23 /* b_Options_on.png */,
				27768FB911A0CE480027AE23 /* b_Options_off.png */,
				27768FBA11A0CE480027AE23 /* b_HighScores_on.png */,
				27768FBB11A0CE480027AE23 /* b_HighScores_off.png */,
				27768FBC11A0CE480027AE23 /* b_Play_on.png */,
				27768FBD11A0CE480027AE23 /* b_Play_off.png */,
				27768CF6119E5E790027AE23 /* audio */,
				27CFFB80119CFDCF002FD064 /* temp_button_PLAY.png */,
				277B57C2119BA633006137F5 /* MenuImage.png */,
				277B57B9119BA440006137F5 /* bg_gameplay01.jpg */,
				27C2AEC5119A369D0049EFEB /* Data.db */,
				27C2AD8011990B270049EFEB /* allBad.png */,
				27C2AD8111990B270049EFEB /* allGood.png */,
				27C2AC1F1198EAA30049EFEB /* checkHover.png */,
				27C2A7011195CC3E0049EFEB /* Icon.png */,
				27F6E17A1185328F007705A9 /* selected.png */,
				27F6E0F11185256E007705A9 /* Default.png */,
				27F6DF501185220D007705A9 /* Pieces */,
				2899E5210DE3E06400AC0155 /* ZombieGameViewController.xib */,
				28AD733E0D9D9553002E5188 /* MainWindow.xib */,
				27CFFB4D119CF423002FD064 /* HighScoresViewController.xib */,
				2776922D11A2420D0027AE23 /* HowToPlayViewController.xib */,
				27768FFA11A0DC640027AE23 /* OptionsViewController.xib */,
				8D1107310486CEB800E47090 /* ZombieGame-Info.plist */,
				27C2A4AE11910D880049EFEB /* MainMenuViewController.xib */,
				277B5864119CE4E6006137F5 /* GameMenu.xib */,
			);
			name = Resources;
			sourceTree = "<group>";
		};
		29B97323FDCFA39411CA2CEA /* Frameworks */ = {
			isa = PBXGroup;
			children = (
				27C2AED0119A379C0049EFEB /* libsqlite3.dylib */,
				278FA46111A36A9300F20538 /* AVFoundation.framework */,
				277B5820119C97F8006137F5 /* AudioToolbox.framework */,
				1DF5F4DF0D08C38300B7A737 /* UIKit.framework */,
				1D30AB110D05D00D00671497 /* Foundation.framework */,
				288765A40DF7441C002DB57D /* CoreGraphics.framework */,
			);
			name = Frameworks;
			sourceTree = "<group>";
		};
/* End PBXGroup section */

/* Begin PBXNativeTarget section */
		1D6058900D05DD3D006BFB54 /* ZombieGame */ = {
			isa = PBXNativeTarget;
			buildConfigurationList = 1D6058960D05DD3E006BFB54 /* Build configuration list for PBXNativeTarget "ZombieGame" */;
			buildPhases = (
				1D60588D0D05DD3D006BFB54 /* Resources */,
				1D60588E0D05DD3D006BFB54 /* Sources */,
				1D60588F0D05DD3D006BFB54 /* Frameworks */,
			);
			buildRules = (
			);
			dependencies = (
			);
			name = ZombieGame;
			productName = ZombieGame;
			productReference = 1D6058910D05DD3D006BFB54 /* ZombieGame.app */;
			productType = "com.apple.product-type.application";
		};
/* End PBXNativeTarget section */

/* Begin PBXProject section */
		29B97313FDCFA39411CA2CEA /* Project object */ = {
			isa = PBXProject;
			buildConfigurationList = C01FCF4E08A954540054247B /* Build configuration list for PBXProject "ZombieGame" */;
			compatibilityVersion = "Xcode 3.1";
			hasScannedForEncodings = 1;
			mainGroup = 29B97314FDCFA39411CA2CEA /* CustomTemplate */;
			projectDirPath = "";
			projectRoot = "";
			targets = (
				1D6058900D05DD3D006BFB54 /* ZombieGame */,
			);
		};
/* End PBXProject section */

/* Begin PBXResourcesBuildPhase section */
		1D60588D0D05DD3D006BFB54 /* Resources */ = {
			isa = PBXResourcesBuildPhase;
			buildActionMask = 2147483647;
			files = (
				28AD733F0D9D9553002E5188 /* MainWindow.xib in Resources */,
				2899E5220DE3E06400AC0155 /* ZombieGameViewController.xib in Resources */,
				27F6E0F21185256E007705A9 /* Default.png in Resources */,
				27F6E17B1185328F007705A9 /* selected.png in Resources */,
				27C2A4B011910D880049EFEB /* MainMenuViewController.xib in Resources */,
				27C2A7021195CC3E0049EFEB /* Icon.png in Resources */,
				27C2AB761197BF1B0049EFEB /* 3330b.png in Resources */,
				27C2AB771197BF1B0049EFEB /* 3330a.png in Resources */,
				27C2AB781197BF1B0049EFEB /* 3320b.png in Resources */,
				27C2AB791197BF1B0049EFEB /* 3320a.png in Resources */,
				27C2AB7A1197BF1B0049EFEB /* 3310b.png in Resources */,
				27C2AB7B1197BF1B0049EFEB /* 3310a.png in Resources */,
				27C2AB7C1197BF1B0049EFEB /* 3230b.png in Resources */,
				27C2AB7D1197BF1B0049EFEB /* 3230a.png in Resources */,
				27C2AB7E1197BF1B0049EFEB /* 3220b.png in Resources */,
				27C2AB7F1197BF1B0049EFEB /* 3220a.png in Resources */,
				27C2AB801197BF1B0049EFEB /* 3210b.png in Resources */,
				27C2AB811197BF1B0049EFEB /* 3210a.png in Resources */,
				27C2AB821197BF1B0049EFEB /* 3130b.png in Resources */,
				27C2AB831197BF1B0049EFEB /* 3130a.png in Resources */,
				27C2AB841197BF1B0049EFEB /* 3120b.png in Resources */,
				27C2AB851197BF1B0049EFEB /* 3120a.png in Resources */,
				27C2AB861197BF1B0049EFEB /* 3110b.png in Resources */,
				27C2AB871197BF1B0049EFEB /* 3110a.png in Resources */,
				27C2AB881197BF1B0049EFEB /* 2330b.png in Resources */,
				27C2AB891197BF1B0049EFEB /* 2330a.png in Resources */,
				27C2AB8A1197BF1B0049EFEB /* 2320b.png in Resources */,
				27C2AB8B1197BF1B0049EFEB /* 2320a.png in Resources */,
				27C2AB8C1197BF1B0049EFEB /* 2310b.png in Resources */,
				27C2AB8D1197BF1B0049EFEB /* 2310a.png in Resources */,
				27C2AB8E1197BF1B0049EFEB /* 2230b.png in Resources */,
				27C2AB8F1197BF1B0049EFEB /* 2230a.png in Resources */,
				27C2AB901197BF1B0049EFEB /* 2220b.png in Resources */,
				27C2AB911197BF1B0049EFEB /* 2220a.png in Resources */,
				27C2AB921197BF1B0049EFEB /* 2210b.png in Resources */,
				27C2AB931197BF1B0049EFEB /* 2210a.png in Resources */,
				27C2AB941197BF1B0049EFEB /* 2130b.png in Resources */,
				27C2AB951197BF1B0049EFEB /* 2130a.png in Resources */,
				27C2AB961197BF1B0049EFEB /* 2120b.png in Resources */,
				27C2AB971197BF1B0049EFEB /* 2120a.png in Resources */,
				27C2AB981197BF1B0049EFEB /* 2110b.png in Resources */,
				27C2AB991197BF1B0049EFEB /* 2110a.png in Resources */,
				27C2AB9A1197BF1B0049EFEB /* 1330b.png in Resources */,
				27C2AB9B1197BF1B0049EFEB /* 1330a.png in Resources */,
				27C2AB9C1197BF1B0049EFEB /* 1320b.png in Resources */,
				27C2AB9D1197BF1B0049EFEB /* 1320a.png in Resources */,
				27C2AB9E1197BF1B0049EFEB /* 1310b.png in Resources */,
				27C2AB9F1197BF1B0049EFEB /* 1310a.png in Resources */,
				27C2ABA01197BF1B0049EFEB /* 1230b.png in Resources */,
				27C2ABA11197BF1B0049EFEB /* 1230a.png in Resources */,
				27C2ABA21197BF1B0049EFEB /* 1220b.png in Resources */,
				27C2ABA31197BF1B0049EFEB /* 1220a.png in Resources */,
				27C2ABA41197BF1B0049EFEB /* 1210b.png in Resources */,
				27C2ABA51197BF1B0049EFEB /* 1210a.png in Resources */,
				27C2ABA61197BF1B0049EFEB /* 1130b.png in Resources */,
				27C2ABA71197BF1B0049EFEB /* 1130a.png in Resources */,
				27C2ABA81197BF1B0049EFEB /* 1120b.png in Resources */,
				27C2ABA91197BF1B0049EFEB /* 1120a.png in Resources */,
				27C2ABAA1197BF1B0049EFEB /* 1110b.png in Resources */,
				27C2ABAB1197BF1B0049EFEB /* 1110a.png in Resources */,
				27C2AC201198EAA30049EFEB /* checkHover.png in Resources */,
				27C2AD8211990B270049EFEB /* allBad.png in Resources */,
				27C2AD8311990B270049EFEB /* allGood.png in Resources */,
				27C2AEC6119A369D0049EFEB /* Data.db in Resources */,
				277B57BA119BA440006137F5 /* bg_gameplay01.jpg in Resources */,
				277B57C3119BA633006137F5 /* MenuImage.png in Resources */,
				277B5866119CE4E6006137F5 /* GameMenu.xib in Resources */,
				27CFFB4F119CF423002FD064 /* HighScoresViewController.xib in Resources */,
				27CFFB81119CFDCF002FD064 /* temp_button_PLAY.png in Resources */,
				27CFFB86119CFF6E002FD064 /* clip_crept.mp3 in Resources */,
				27768D09119E5E980027AE23 /* 15.wav in Resources */,
				27768D0A119E5E980027AE23 /* 14.wav in Resources */,
				27768D0B119E5E980027AE23 /* 13.wav in Resources */,
				27768D0C119E5E980027AE23 /* 12.wav in Resources */,
				27768D0D119E5E980027AE23 /* 11.wav in Resources */,
				27768D0E119E5E980027AE23 /* 16.wav in Resources */,
				27768D0F119E5E980027AE23 /* 24.wav in Resources */,
				27768D10119E5E980027AE23 /* 25.wav in Resources */,
				27768D11119E5E980027AE23 /* 26.wav in Resources */,
				27768D12119E5E980027AE23 /* 23.wav in Resources */,
				27768D13119E5E980027AE23 /* 22.wav in Resources */,
				27768D14119E5E980027AE23 /* 21.wav in Resources */,
				27768D15119E5E980027AE23 /* 35.wav in Resources */,
				27768D16119E5E980027AE23 /* 34.wav in Resources */,
				27768D17119E5E980027AE23 /* 33.wav in Resources */,
				27768D18119E5E980027AE23 /* 32.wav in Resources */,
				27768D19119E5E980027AE23 /* 36.wav in Resources */,
				27768D1A119E5E980027AE23 /* 31.wav in Resources */,
				27768FBE11A0CE480027AE23 /* b_Classic_off.png in Resources */,
				27768FBF11A0CE480027AE23 /* b_HowTo_on.png in Resources */,
				27768FC011A0CE480027AE23 /* b_HowTo_off.png in Resources */,
				27768FC111A0CE480027AE23 /* b_Back_on.png in Resources */,
				27768FC211A0CE480027AE23 /* b_Back_off.png in Resources */,
				27768FC311A0CE480027AE23 /* b_Berzerk_on.png in Resources */,
				27768FC411A0CE480027AE23 /* b_Berzerk_off.png in Resources */,
				27768FC511A0CE480027AE23 /* b_Classic_on.png in Resources */,
				27768FC611A0CE480027AE23 /* bg_GameMode.jpg in Resources */,
				27768FC711A0CE480027AE23 /* b_Options_on.png in Resources */,
				27768FC811A0CE480027AE23 /* b_Options_off.png in Resources */,
				27768FC911A0CE480027AE23 /* b_HighScores_on.png in Resources */,
				27768FCA11A0CE480027AE23 /* b_HighScores_off.png in Resources */,
				27768FCB11A0CE480027AE23 /* b_Play_on.png in Resources */,
				27768FCC11A0CE480027AE23 /* b_Play_off.png in Resources */,
				27768FDF11A0D71D0027AE23 /* bg_Splash.jpg in Resources */,
				27768FFC11A0DC640027AE23 /* OptionsViewController.xib in Resources */,
				2776907511A0FCDA0027AE23 /* bg_GamePlay.jpg in Resources */,
				2776913111A2211A0027AE23 /* b_PlayAgain_on.png in Resources */,
				2776913211A2211A0027AE23 /* b_PlayAgain_off.png in Resources */,
				2776913311A2211A0027AE23 /* b_MainMenu_on.png in Resources */,
				2776913411A2211A0027AE23 /* b_MainMenu_off.png in Resources */,
				2776913511A2211A0027AE23 /* bg_HighScores.jpg in Resources */,
				277691E511A230F10027AE23 /* brain_2.png in Resources */,
				277691E611A230F10027AE23 /* brain_1.png in Resources */,
				2776922F11A2420D0027AE23 /* HowToPlayViewController.xib in Resources */,
				277692BB11A25F150027AE23 /* brainPump.wav in Resources */,
				278FA51311A3847E00F20538 /* Audio_BG01.mp3 in Resources */,
			);
			runOnlyForDeploymentPostprocessing = 0;
		};
/* End PBXResourcesBuildPhase section */

/* Begin PBXSourcesBuildPhase section */
		1D60588E0D05DD3D006BFB54 /* Sources */ = {
			isa = PBXSourcesBuildPhase;
			buildActionMask = 2147483647;
			files = (
				1D60589B0D05DD56006BFB54 /* main.m in Sources */,
				1D3623260D0F684500981E51 /* ZombieGameAppDelegate.m in Sources */,
				28D7ACF80DDB3853001CB0EB /* ZombieGameViewController.m in Sources */,
				2741D1661186723D001BD582 /* GameLogic.m in Sources */,
				276069F6118921C2008E1327 /* SetPiece.m in Sources */,
				27606A83118BC498008E1327 /* SetLogic.m in Sources */,
				27C29F4E119044D40049EFEB /* SetGame.m in Sources */,
				27C2A4AF11910D880049EFEB /* MainMenuViewController.m in Sources */,
				27C2AEF0119A40490049EFEB /* Scores.m in Sources */,
				277B5865119CE4E6006137F5 /* GameMenu.m in Sources */,
				27CFFB4E119CF423002FD064 /* HighScoresViewController.m in Sources */,
				27768C1C119E2F830027AE23 /* ZombieAudio.m in Sources */,
				27768FFB11A0DC640027AE23 /* OptionsViewController.m in Sources */,
				2776922E11A2420D0027AE23 /* HowToPlayViewController.m in Sources */,
			);
			runOnlyForDeploymentPostprocessing = 0;
		};
/* End PBXSourcesBuildPhase section */

/* Begin XCBuildConfiguration section */
		1D6058940D05DD3E006BFB54 /* Debug */ = {
			isa = XCBuildConfiguration;
			buildSettings = {
				ALWAYS_SEARCH_USER_PATHS = NO;
				COPY_PHASE_STRIP = NO;
				GCC_DYNAMIC_NO_PIC = NO;
				GCC_OPTIMIZATION_LEVEL = 0;
				GCC_PRECOMPILE_PREFIX_HEADER = YES;
				GCC_PREFIX_HEADER = ZombieGame_Prefix.pch;
				INFOPLIST_FILE = "ZombieGame-Info.plist";
				PRODUCT_NAME = ZombieGame;
			};
			name = Debug;
		};
		1D6058950D05DD3E006BFB54 /* Release */ = {
			isa = XCBuildConfiguration;
			buildSettings = {
				ALWAYS_SEARCH_USER_PATHS = NO;
				COPY_PHASE_STRIP = YES;
				GCC_PRECOMPILE_PREFIX_HEADER = YES;
				GCC_PREFIX_HEADER = ZombieGame_Prefix.pch;
				INFOPLIST_FILE = "ZombieGame-Info.plist";
				PRODUCT_NAME = ZombieGame;
				VALIDATE_PRODUCT = YES;
			};
			name = Release;
		};
		C01FCF4F08A954540054247B /* Debug */ = {
			isa = XCBuildConfiguration;
			buildSettings = {
				ARCHS = "$(ARCHS_STANDARD_32_BIT)";
				"CODE_SIGN_IDENTITY[sdk=iphoneos*]" = "iPhone Developer";
				GCC_C_LANGUAGE_STANDARD = c99;
				GCC_WARN_ABOUT_RETURN_TYPE = YES;
				GCC_WARN_UNUSED_VARIABLE = YES;
				PREBINDING = NO;
				SDKROOT = iphoneos3.1.3;
			};
			name = Debug;
		};
		C01FCF5008A954540054247B /* Release */ = {
			isa = XCBuildConfiguration;
			buildSettings = {
				ARCHS = "$(ARCHS_STANDARD_32_BIT)";
				"CODE_SIGN_IDENTITY[sdk=iphoneos*]" = "iPhone Developer";
				GCC_C_LANGUAGE_STANDARD = c99;
				GCC_WARN_ABOUT_RETURN_TYPE = YES;
				GCC_WARN_UNUSED_VARIABLE = YES;
				OTHER_CFLAGS = "-DNS_BLOCK_ASSERTIONS=1";
				PREBINDING = NO;
				SDKROOT = iphoneos3.1.3;
			};
			name = Release;
		};
/* End XCBuildConfiguration section */

/* Begin XCConfigurationList section */
		1D6058960D05DD3E006BFB54 /* Build configuration list for PBXNativeTarget "ZombieGame" */ = {
			isa = XCConfigurationList;
			buildConfigurations = (
				1D6058940D05DD3E006BFB54 /* Debug */,
				1D6058950D05DD3E006BFB54 /* Release */,
			);
			defaultConfigurationIsVisible = 0;
			defaultConfigurationName = Release;
		};
		C01FCF4E08A954540054247B /* Build configuration list for PBXProject "ZombieGame" */ = {
			isa = XCConfigurationList;
			buildConfigurations = (
				C01FCF4F08A954540054247B /* Debug */,
				C01FCF5008A954540054247B /* Release */,
			);
			defaultConfigurationIsVisible = 0;
			defaultConfigurationName = Release;
		};
/* End XCConfigurationList section */
	};
	rootObject = 29B97313FDCFA39411CA2CEA /* Project object */;
}
